# This file is generated by running "yarn install" inside your project.
# Manual changes might be lost - proceed with caution!

__metadata:
  version: 8
  cacheKey: 10c0

"@dotenvx/dotenvx@npm:^1.14.1":
  version: 1.14.1
  resolution: "@dotenvx/dotenvx@npm:1.14.1"
  dependencies:
    commander: "npm:^11.1.0"
    dotenv: "npm:^16.4.5"
    eciesjs: "npm:^0.4.6"
    execa: "npm:^5.1.1"
    fdir: "npm:^6.2.0"
    ignore: "npm:^5.3.0"
    object-treeify: "npm:1.1.33"
    picomatch: "npm:^4.0.2"
    which: "npm:^4.0.0"
  bin:
    dotenvx: src/cli/dotenvx.js
    git-dotenvx: src/cli/dotenvx.js
  checksum: 10c0/1637888dcdd69a864e2d4c918ef5b2647da76eae7a15cc4bab6ad645f6fa4ab0fc371ad73760d0a6c7e053f009afdc09c859306acafd30586416cb120c0e912c
  languageName: node
  linkType: hard

"@noble/ciphers@npm:^1.0.0":
  version: 1.0.0
  resolution: "@noble/ciphers@npm:1.0.0"
  checksum: 10c0/6c04d6e9d10a922fff170efc44622c95a25fb817f4b593e0f150dd27599576f3fe3c5b61eb02054b22d1507e3839879ddd5acb2d2acf8efbea4efab99bbcd333
  languageName: node
  linkType: hard

"@noble/curves@npm:^1.6.0":
  version: 1.6.0
  resolution: "@noble/curves@npm:1.6.0"
  dependencies:
    "@noble/hashes": "npm:1.5.0"
  checksum: 10c0/f3262aa4d39148e627cd82b5ac1c93f88c5bb46dd2566b5e8e52ffac3a0fc381ad30c2111656fd2bd3b0d37d43d540543e0d93a5ff96a6cb184bc3bfe10d1cd9
  languageName: node
  linkType: hard

"@noble/hashes@npm:1.5.0, @noble/hashes@npm:^1.5.0":
  version: 1.5.0
  resolution: "@noble/hashes@npm:1.5.0"
  checksum: 10c0/1b46539695fbfe4477c0822d90c881a04d4fa2921c08c552375b444a48cac9930cb1ee68de0a3c7859e676554d0f3771999716606dc4d8f826e414c11692cdd9
  languageName: node
  linkType: hard

"commander@npm:^11.1.0":
  version: 11.1.0
  resolution: "commander@npm:11.1.0"
  checksum: 10c0/13cc6ac875e48780250f723fb81c1c1178d35c5decb1abb1b628b3177af08a8554e76b2c0f29de72d69eef7c864d12613272a71fabef8047922bc622ab75a179
  languageName: node
  linkType: hard

"cross-spawn@npm:^7.0.3":
  version: 7.0.3
  resolution: "cross-spawn@npm:7.0.3"
  dependencies:
    path-key: "npm:^3.1.0"
    shebang-command: "npm:^2.0.0"
    which: "npm:^2.0.1"
  checksum: 10c0/5738c312387081c98d69c98e105b6327b069197f864a60593245d64c8089c8a0a744e16349281210d56835bb9274130d825a78b2ad6853ca13cfbeffc0c31750
  languageName: node
  linkType: hard

"dotenv@npm:^16.4.5":
  version: 16.4.5
  resolution: "dotenv@npm:16.4.5"
  checksum: 10c0/48d92870076832af0418b13acd6e5a5a3e83bb00df690d9812e94b24aff62b88ade955ac99a05501305b8dc8f1b0ee7638b18493deb6fe93d680e5220936292f
  languageName: node
  linkType: hard

"eciesjs@npm:^0.4.6":
  version: 0.4.8
  resolution: "eciesjs@npm:0.4.8"
  dependencies:
    "@noble/ciphers": "npm:^1.0.0"
    "@noble/curves": "npm:^1.6.0"
    "@noble/hashes": "npm:^1.5.0"
  checksum: 10c0/45b8cd9c7313d87697b6109d327ea2bd485544fc3fac4904db858e6120cf673bc2ec80f3ddd042c0c02b20aa1a7977f7c4ab53fa3fcced6cda0dc84b6894ef12
  languageName: node
  linkType: hard

"execa@npm:^5.1.1":
  version: 5.1.1
  resolution: "execa@npm:5.1.1"
  dependencies:
    cross-spawn: "npm:^7.0.3"
    get-stream: "npm:^6.0.0"
    human-signals: "npm:^2.1.0"
    is-stream: "npm:^2.0.0"
    merge-stream: "npm:^2.0.0"
    npm-run-path: "npm:^4.0.1"
    onetime: "npm:^5.1.2"
    signal-exit: "npm:^3.0.3"
    strip-final-newline: "npm:^2.0.0"
  checksum: 10c0/c8e615235e8de4c5addf2fa4c3da3e3aa59ce975a3e83533b4f6a71750fb816a2e79610dc5f1799b6e28976c9ae86747a36a606655bf8cb414a74d8d507b304f
  languageName: node
  linkType: hard

"fdir@npm:^6.2.0":
  version: 6.3.0
  resolution: "fdir@npm:6.3.0"
  peerDependencies:
    picomatch: ^3 || ^4
  peerDependenciesMeta:
    picomatch:
      optional: true
  checksum: 10c0/be91cd6ab2edbc6df457a69b79672ee9345996986821918ef01908ce9619b8cbecd9c6c13d4ca5d0aeb548b162050d68c599f45bb3fbff194a91e16f25e646b5
  languageName: node
  linkType: hard

"get-stream@npm:^6.0.0":
  version: 6.0.1
  resolution: "get-stream@npm:6.0.1"
  checksum: 10c0/49825d57d3fd6964228e6200a58169464b8e8970489b3acdc24906c782fb7f01f9f56f8e6653c4a50713771d6658f7cfe051e5eb8c12e334138c9c918b296341
  languageName: node
  linkType: hard

"human-signals@npm:^2.1.0":
  version: 2.1.0
  resolution: "human-signals@npm:2.1.0"
  checksum: 10c0/695edb3edfcfe9c8b52a76926cd31b36978782062c0ed9b1192b36bebc75c4c87c82e178dfcb0ed0fc27ca59d434198aac0bd0be18f5781ded775604db22304a
  languageName: node
  linkType: hard

"idws-experiments@workspace:.":
  version: 0.0.0-use.local
  resolution: "idws-experiments@workspace:."
  dependencies:
    "@dotenvx/dotenvx": "npm:^1.14.1"
    typescript-language-server: "npm:^4.3.3"
  languageName: unknown
  linkType: soft

"ignore@npm:^5.3.0":
  version: 5.3.2
  resolution: "ignore@npm:5.3.2"
  checksum: 10c0/f9f652c957983634ded1e7f02da3b559a0d4cc210fca3792cb67f1b153623c9c42efdc1c4121af171e295444459fc4a9201101fb041b1104a3c000bccb188337
  languageName: node
  linkType: hard

"is-stream@npm:^2.0.0":
  version: 2.0.1
  resolution: "is-stream@npm:2.0.1"
  checksum: 10c0/7c284241313fc6efc329b8d7f08e16c0efeb6baab1b4cd0ba579eb78e5af1aa5da11e68559896a2067cd6c526bd29241dda4eb1225e627d5aa1a89a76d4635a5
  languageName: node
  linkType: hard

"isexe@npm:^2.0.0":
  version: 2.0.0
  resolution: "isexe@npm:2.0.0"
  checksum: 10c0/228cfa503fadc2c31596ab06ed6aa82c9976eec2bfd83397e7eaf06d0ccf42cd1dfd6743bf9aeb01aebd4156d009994c5f76ea898d2832c1fe342da923ca457d
  languageName: node
  linkType: hard

"isexe@npm:^3.1.1":
  version: 3.1.1
  resolution: "isexe@npm:3.1.1"
  checksum: 10c0/9ec257654093443eb0a528a9c8cbba9c0ca7616ccb40abd6dde7202734d96bb86e4ac0d764f0f8cd965856aacbff2f4ce23e730dc19dfb41e3b0d865ca6fdcc7
  languageName: node
  linkType: hard

"merge-stream@npm:^2.0.0":
  version: 2.0.0
  resolution: "merge-stream@npm:2.0.0"
  checksum: 10c0/867fdbb30a6d58b011449b8885601ec1690c3e41c759ecd5a9d609094f7aed0096c37823ff4a7190ef0b8f22cc86beb7049196ff68c016e3b3c671d0dac91ce5
  languageName: node
  linkType: hard

"mimic-fn@npm:^2.1.0":
  version: 2.1.0
  resolution: "mimic-fn@npm:2.1.0"
  checksum: 10c0/b26f5479d7ec6cc2bce275a08f146cf78f5e7b661b18114e2506dd91ec7ec47e7a25bf4360e5438094db0560bcc868079fb3b1fb3892b833c1ecbf63f80c95a4
  languageName: node
  linkType: hard

"npm-run-path@npm:^4.0.1":
  version: 4.0.1
  resolution: "npm-run-path@npm:4.0.1"
  dependencies:
    path-key: "npm:^3.0.0"
  checksum: 10c0/6f9353a95288f8455cf64cbeb707b28826a7f29690244c1e4bb61ec573256e021b6ad6651b394eb1ccfd00d6ec50147253aba2c5fe58a57ceb111fad62c519ac
  languageName: node
  linkType: hard

"object-treeify@npm:1.1.33":
  version: 1.1.33
  resolution: "object-treeify@npm:1.1.33"
  checksum: 10c0/5b735ac552200bf14f9892ce58295303e8d15a8cc7a0fd4fe6ff99923ab0c196fb70a870ab2a0eefc6820c4acb49e614b88c72d344b9c6bd22584a3efbd386fe
  languageName: node
  linkType: hard

"onetime@npm:^5.1.2":
  version: 5.1.2
  resolution: "onetime@npm:5.1.2"
  dependencies:
    mimic-fn: "npm:^2.1.0"
  checksum: 10c0/ffcef6fbb2692c3c40749f31ea2e22677a876daea92959b8a80b521d95cca7a668c884d8b2045d1d8ee7d56796aa405c405462af112a1477594cc63531baeb8f
  languageName: node
  linkType: hard

"path-key@npm:^3.0.0, path-key@npm:^3.1.0":
  version: 3.1.1
  resolution: "path-key@npm:3.1.1"
  checksum: 10c0/748c43efd5a569c039d7a00a03b58eecd1d75f3999f5a28303d75f521288df4823bc057d8784eb72358b2895a05f29a070bc9f1f17d28226cc4e62494cc58c4c
  languageName: node
  linkType: hard

"picomatch@npm:^4.0.2":
  version: 4.0.2
  resolution: "picomatch@npm:4.0.2"
  checksum: 10c0/7c51f3ad2bb42c776f49ebf964c644958158be30d0a510efd5a395e8d49cb5acfed5b82c0c5b365523ce18e6ab85013c9ebe574f60305892ec3fa8eee8304ccc
  languageName: node
  linkType: hard

"shebang-command@npm:^2.0.0":
  version: 2.0.0
  resolution: "shebang-command@npm:2.0.0"
  dependencies:
    shebang-regex: "npm:^3.0.0"
  checksum: 10c0/a41692e7d89a553ef21d324a5cceb5f686d1f3c040759c50aab69688634688c5c327f26f3ecf7001ebfd78c01f3c7c0a11a7c8bfd0a8bc9f6240d4f40b224e4e
  languageName: node
  linkType: hard

"shebang-regex@npm:^3.0.0":
  version: 3.0.0
  resolution: "shebang-regex@npm:3.0.0"
  checksum: 10c0/1dbed0726dd0e1152a92696c76c7f06084eb32a90f0528d11acd764043aacf76994b2fb30aa1291a21bd019d6699164d048286309a278855ee7bec06cf6fb690
  languageName: node
  linkType: hard

"signal-exit@npm:^3.0.3":
  version: 3.0.7
  resolution: "signal-exit@npm:3.0.7"
  checksum: 10c0/25d272fa73e146048565e08f3309d5b942c1979a6f4a58a8c59d5fa299728e9c2fcd1a759ec870863b1fd38653670240cd420dad2ad9330c71f36608a6a1c912
  languageName: node
  linkType: hard

"strip-final-newline@npm:^2.0.0":
  version: 2.0.0
  resolution: "strip-final-newline@npm:2.0.0"
  checksum: 10c0/bddf8ccd47acd85c0e09ad7375409d81653f645fda13227a9d459642277c253d877b68f2e5e4d819fe75733b0e626bac7e954c04f3236f6d196f79c94fa4a96f
  languageName: node
  linkType: hard

"typescript-language-server@npm:^4.3.3":
  version: 4.3.3
  resolution: "typescript-language-server@npm:4.3.3"
  bin:
    typescript-language-server: lib/cli.mjs
  checksum: 10c0/c4b599005f631438d46dc39dcdf148a816dcde98eece17e9888eae3558f2cf8004e53ee3853f88abb78bfa9b5428cf100b6f061c2463c435d2cfe5db0f9f57a1
  languageName: node
  linkType: hard

"vscode-jsonrpc@npm:8.2.0":
  version: 8.2.0
  resolution: "vscode-jsonrpc@npm:8.2.0"
  checksum: 10c0/0789c227057a844f5ead55c84679206227a639b9fb76e881185053abc4e9848aa487245966cc2393fcb342c4541241b015a1a2559fddd20ac1e68945c95344e6
  languageName: node
  linkType: hard

"vscode-jsonrpc@npm:^5.0.1":
  version: 5.0.1
  resolution: "vscode-jsonrpc@npm:5.0.1"
  checksum: 10c0/365dc54648247f0eb31ffdeb45b67c17f2cfac6cf55810b52376bad0becc7ee029dbe722e8d94fc779217e012466e8f7c7360749667946ff4e1156731abe1941
  languageName: node
  linkType: hard

"vscode-languageserver-protocol@npm:^3.15.0":
  version: 3.17.5
  resolution: "vscode-languageserver-protocol@npm:3.17.5"
  dependencies:
    vscode-jsonrpc: "npm:8.2.0"
    vscode-languageserver-types: "npm:3.17.5"
  checksum: 10c0/5f38fd80da9868d706eaa4a025f4aff9c3faad34646bcde1426f915cbd8d7e8b6c3755ce3fef6eebd256ba3145426af1085305f8a76e34276d2e95aaf339a90b
  languageName: node
  linkType: hard

"vscode-languageserver-types@npm:3.17.5":
  version: 3.17.5
  resolution: "vscode-languageserver-types@npm:3.17.5"
  checksum: 10c0/1e1260de79a2cc8de3e46f2e0182cdc94a7eddab487db5a3bd4ee716f67728e685852707d72c059721ce500447be9a46764a04f0611e94e4321ffa088eef36f8
  languageName: node
  linkType: hard

"which@npm:^2.0.1":
  version: 2.0.2
  resolution: "which@npm:2.0.2"
  dependencies:
    isexe: "npm:^2.0.0"
  bin:
    node-which: ./bin/node-which
  checksum: 10c0/66522872a768b60c2a65a57e8ad184e5372f5b6a9ca6d5f033d4b0dc98aff63995655a7503b9c0a2598936f532120e81dd8cc155e2e92ed662a2b9377cc4374f
  languageName: node
  linkType: hard

"which@npm:^4.0.0":
  version: 4.0.0
  resolution: "which@npm:4.0.0"
  dependencies:
    isexe: "npm:^3.1.1"
  bin:
    node-which: bin/which.js
  checksum: 10c0/449fa5c44ed120ccecfe18c433296a4978a7583bf2391c50abce13f76878d2476defde04d0f79db8165bdf432853c1f8389d0485ca6e8ebce3bbcded513d5e6a
  languageName: node
  linkType: hard
